
Microsoft Visual Studio Solution File, Format Version 12.00
# Visual Studio Version 17
VisualStudioVersion = 17.8.34330.188
MinimumVisualStudioVersion = 10.0.40219.1
Project("{FAE04EC0-301F-11D3-BF4B-00C04F79EFBC}") = "OrderProcessingSystem", "OrderProcessingSystem.csproj", "{FAFF7F4B-FE27-4C61-A1C0-1A8080A22C1D}"
EndProject
Project("{FAE04EC0-301F-11D3-BF4B-00C04F79EFBC}") = "OrderProcessingSystem.BusinessLayer", "..\OrderProcessingSystem.BusinessLayer\OrderProcessingSystem.BusinessLayer.csproj", "{D0E3B6AC-80AB-4536-9AB8-F2AC96FBB139}"
EndProject
Project("{FAE04EC0-301F-11D3-BF4B-00C04F79EFBC}") = "OrderProcessingSystem.DataLayer", "..\OrderProcessingSystem.DataLayer\OrderProcessingSystem.DataLayer.csproj", "{B332A18A-7179-4BD8-B734-1D0F0A6D785A}"
EndProject
Project("{FAE04EC0-301F-11D3-BF4B-00C04F79EFBC}") = "OrderProcessingSystem.Entities", "..\OrderProcessingSystem.Entities\OrderProcessingSystem.Entities.csproj", "{E25B3F47-2F1A-4963-904F-20CBA3F775D6}"
EndProject
Project("{FAE04EC0-301F-11D3-BF4B-00C04F79EFBC}") = "OrderProcessingSystem.Tests", "..\OrderProcessingSystem.Tests\OrderProcessingSystem.Tests.csproj", "{A9D33D73-7AA3-43D6-BFAB-5AC57C0D12E6}"
EndProject
Global
	GlobalSection(SolutionConfigurationPlatforms) = preSolution
		Debug|Any CPU = Debug|Any CPU
		Release|Any CPU = Release|Any CPU
	EndGlobalSection
	GlobalSection(ProjectConfigurationPlatforms) = postSolution
		{FAFF7F4B-FE27-4C61-A1C0-1A8080A22C1D}.Debug|Any CPU.ActiveCfg = Debug|Any CPU
		{FAFF7F4B-FE27-4C61-A1C0-1A8080A22C1D}.Debug|Any CPU.Build.0 = Debug|Any CPU
		{FAFF7F4B-FE27-4C61-A1C0-1A8080A22C1D}.Release|Any CPU.ActiveCfg = Release|Any CPU
		{FAFF7F4B-FE27-4C61-A1C0-1A8080A22C1D}.Release|Any CPU.Build.0 = Release|Any CPU
		{D0E3B6AC-80AB-4536-9AB8-F2AC96FBB139}.Debug|Any CPU.ActiveCfg = Debug|Any CPU
		{D0E3B6AC-80AB-4536-9AB8-F2AC96FBB139}.Debug|Any CPU.Build.0 = Debug|Any CPU
		{D0E3B6AC-80AB-4536-9AB8-F2AC96FBB139}.Release|Any CPU.ActiveCfg = Release|Any CPU
		{D0E3B6AC-80AB-4536-9AB8-F2AC96FBB139}.Release|Any CPU.Build.0 = Release|Any CPU
		{B332A18A-7179-4BD8-B734-1D0F0A6D785A}.Debug|Any CPU.ActiveCfg = Debug|Any CPU
		{B332A18A-7179-4BD8-B734-1D0F0A6D785A}.Debug|Any CPU.Build.0 = Debug|Any CPU
		{B332A18A-7179-4BD8-B734-1D0F0A6D785A}.Release|Any CPU.ActiveCfg = Release|Any CPU
		{B332A18A-7179-4BD8-B734-1D0F0A6D785A}.Release|Any CPU.Build.0 = Release|Any CPU
		{E25B3F47-2F1A-4963-904F-20CBA3F775D6}.Debug|Any CPU.ActiveCfg = Debug|Any CPU
		{E25B3F47-2F1A-4963-904F-20CBA3F775D6}.Debug|Any CPU.Build.0 = Debug|Any CPU
		{E25B3F47-2F1A-4963-904F-20CBA3F775D6}.Release|Any CPU.ActiveCfg = Release|Any CPU
		{E25B3F47-2F1A-4963-904F-20CBA3F775D6}.Release|Any CPU.Build.0 = Release|Any CPU
		{A9D33D73-7AA3-43D6-BFAB-5AC57C0D12E6}.Debug|Any CPU.ActiveCfg = Debug|Any CPU
		{A9D33D73-7AA3-43D6-BFAB-5AC57C0D12E6}.Debug|Any CPU.Build.0 = Debug|Any CPU
		{A9D33D73-7AA3-43D6-BFAB-5AC57C0D12E6}.Release|Any CPU.ActiveCfg = Release|Any CPU
		{A9D33D73-7AA3-43D6-BFAB-5AC57C0D12E6}.Release|Any CPU.Build.0 = Release|Any CPU
	EndGlobalSection
	GlobalSection(SolutionProperties) = preSolution
		HideSolutionNode = FALSE
	EndGlobalSection
	GlobalSection(ExtensibilityGlobals) = postSolution
		SolutionGuid = {897E2948-8414-42F4-B371-2880B7A3A325}
	EndGlobalSection
EndGlobal
